{
  "name": "fetch-icp-motoko",
  "version": "1.0.0",
  "lockfileVersion": 3,
  "requires": true,
  "packages": {
    "": {
      "name": "fetch-icp-motoko",
      "version": "1.0.0",
      "license": "MIT",
      "dependencies": {
        "@dfinity/agent": "^3.2.1",
        "prettier": "^3.6.2",
        "tailwindcss": "^4.1.12"
      }
    },
    "ic": {
      "extraneous": true,
      "dependencies": {
        "azle": "^0.31.0",
        "express": "^4.18.2",
        "vite": "^6.2.6"
      },
      "devDependencies": {
        "@types/express": "^4.17.21",
        "jest": "^29.7.0",
        "prettier": "^3.0.0",
        "ts-jest": "^29.3.2"
      }
    },
    "node_modules/@dfinity/agent": {
      "version": "3.2.1",
      "resolved": "https://registry.npmjs.org/@dfinity/agent/-/agent-3.2.1.tgz",
      "integrity": "sha512-itPAqee2sal3vn5UJcLEt6TfVgvacDt82x9i8E/EASJQy2q5yPZ4FUvPENAybBs3+jKaEFYV8DRseUGsff6glw==",
      "dependencies": {
        "@dfinity/cbor": "^0.2.2",
        "@noble/curves": "^1.9.2"
      },
      "peerDependencies": {
        "@dfinity/candid": "3.2.1",
        "@dfinity/principal": "3.2.1",
        "@noble/hashes": "^1.8.0"
      }
    },
    "node_modules/@dfinity/candid": {
      "version": "3.2.1",
      "resolved": "https://registry.npmjs.org/@dfinity/candid/-/candid-3.2.1.tgz",
      "integrity": "sha512-fKrkW7TAx2MX+1XPfSE6cQPeFsNs3c4g0JdoL7uw2JONqPT7eOV1o7Oqr/I+4coITvD3hIDZcnD4IxiIjQF+NQ==",
      "peer": true,
      "peerDependencies": {
        "@dfinity/principal": "3.2.1"
      }
    },
    "node_modules/@dfinity/cbor": {
      "version": "0.2.2",
      "resolved": "https://registry.npmjs.org/@dfinity/cbor/-/cbor-0.2.2.tgz",
      "integrity": "sha512-GPJpH73kDEKbUBdUjY80lz7cq9l0vm1h/7ppejPV6O0ZTqCLrYspssYvqjRmK4aNnJ/SKXsP0rg9LYX7zpegaA=="
    },
    "node_modules/@dfinity/principal": {
      "version": "3.2.1",
      "resolved": "https://registry.npmjs.org/@dfinity/principal/-/principal-3.2.1.tgz",
      "integrity": "sha512-W2otaFOeyqWNMi/E+vaxpp7CcGTkxol9FYqUMtdoLg27QMZvUgQ72ljLkkxXrUlGPrORTzkR5DMCCrkziB7MVw==",
      "peer": true,
      "dependencies": {
        "@noble/hashes": "^1.8.0"
      }
    },
    "node_modules/@noble/curves": {
      "version": "1.9.7",
      "resolved": "https://registry.npmjs.org/@noble/curves/-/curves-1.9.7.tgz",
      "integrity": "sha512-gbKGcRUYIjA3/zCCNaWDciTMFI0dCkvou3TL8Zmy5Nc7sJ47a0jtOeZoTaMxkuqRo9cRhjOdZJXegxYE5FN/xw==",
      "dependencies": {
        "@noble/hashes": "1.8.0"
      },
      "engines": {
        "node": "^14.21.3 || >=16"
      },
      "funding": {
        "url": "https://paulmillr.com/funding/"
      }
    },
    "node_modules/@noble/hashes": {
      "version": "1.8.0",
      "resolved": "https://registry.npmjs.org/@noble/hashes/-/hashes-1.8.0.tgz",
      "integrity": "sha512-jCs9ldd7NwzpgXDIf6P3+NrHh9/sD6CQdxHyjQI+h/6rDNo88ypBxxz45UDuZHz9r3tNz7N/VInSVoVdtXEI4A==",
      "engines": {
        "node": "^14.21.3 || >=16"
      },
      "funding": {
        "url": "https://paulmillr.com/funding/"
      }
    },
    "node_modules/prettier": {
      "version": "3.6.2",
      "resolved": "https://registry.npmjs.org/prettier/-/prettier-3.6.2.tgz",
      "integrity": "sha512-I7AIg5boAr5R0FFtJ6rCfD+LFsWHp81dolrFD8S79U9tb8Az2nGrJncnMSnys+bpQJfRUzqs9hnA81OAA3hCuQ==",
      "license": "MIT",
      "bin": {
        "prettier": "bin/prettier.cjs"
      },
      "engines": {
        "node": ">=14"
      },
      "funding": {
        "url": "https://github.com/prettier/prettier?sponsor=1"
      }
    },
    "node_modules/tailwindcss": {
      "version": "4.1.12",
      "resolved": "https://registry.npmjs.org/tailwindcss/-/tailwindcss-4.1.12.tgz",
      "integrity": "sha512-DzFtxOi+7NsFf7DBtI3BJsynR+0Yp6etH+nRPTbpWnS2pZBaSksv/JGctNwSWzbFjp0vxSqknaUylseZqMDGrA=="
    }
  }
}
